// !$*UTF8*$!
{
	archiveVersion = 1;
	classes = {
	};
	objectVersion = 55;
	objects = {

/* Begin PBXBuildFile section */
		8419F33827FBBCF6002A75D1 /* CoreLocation.framework in Frameworks */ = {isa = PBXBuildFile; fileRef = 8419F33727FBBCF6002A75D1 /* CoreLocation.framework */; };
		8419F33A27FBBCFF002A75D1 /* CoreBluetooth.framework in Frameworks */ = {isa = PBXBuildFile; fileRef = 8419F33927FBBCFF002A75D1 /* CoreBluetooth.framework */; };
		8419F33B27FBBD2F002A75D1 /* BlueCapKit.framework in Frameworks */ = {isa = PBXBuildFile; fileRef = 848BF8AE27FBB9FA0066DC3F /* BlueCapKit.framework */; };
		8419F33C27FBBD2F002A75D1 /* BlueCapKit.framework in Embed Frameworks */ = {isa = PBXBuildFile; fileRef = 848BF8AE27FBB9FA0066DC3F /* BlueCapKit.framework */; settings = {ATTRIBUTES = (CodeSignOnCopy, RemoveHeadersOnCopy, ); }; };
		8419F33F27FBBE6B002A75D1 /* TemperatureUnitType.swift in Sources */ = {isa = PBXBuildFile; fileRef = 8419F33E27FBBE6B002A75D1 /* TemperatureUnitType.swift */; };
		846C874C2802658E001D080A /* WifiSettings.swift in Sources */ = {isa = PBXBuildFile; fileRef = 846C874B2802658E001D080A /* WifiSettings.swift */; };
		846C874E28026825001D080A /* Common.swift in Sources */ = {isa = PBXBuildFile; fileRef = 846C874D28026825001D080A /* Common.swift */; };
		846C8750280299C3001D080A /* TimeSettingsView.swift in Sources */ = {isa = PBXBuildFile; fileRef = 846C874F280299C3001D080A /* TimeSettingsView.swift */; };
		848BF8A827FBB7180066DC3F /* ClockService.swift in Sources */ = {isa = PBXBuildFile; fileRef = 848BF8A727FBB7180066DC3F /* ClockService.swift */; };
		84A6E62527F5294600D24BDD /* piclockApp.swift in Sources */ = {isa = PBXBuildFile; fileRef = 84A6E62427F5294600D24BDD /* piclockApp.swift */; };
		84A6E62727F5294600D24BDD /* ContentView.swift in Sources */ = {isa = PBXBuildFile; fileRef = 84A6E62627F5294600D24BDD /* ContentView.swift */; };
		84A6E62927F5294C00D24BDD /* Assets.xcassets in Resources */ = {isa = PBXBuildFile; fileRef = 84A6E62827F5294C00D24BDD /* Assets.xcassets */; };
		84A6E62C27F5294C00D24BDD /* Preview Assets.xcassets in Resources */ = {isa = PBXBuildFile; fileRef = 84A6E62B27F5294C00D24BDD /* Preview Assets.xcassets */; };
/* End PBXBuildFile section */

/* Begin PBXContainerItemProxy section */
		8419F33227FBBCC7002A75D1 /* PBXContainerItemProxy */ = {
			isa = PBXContainerItemProxy;
			containerPortal = 848BF8A927FBB9FA0066DC3F /* BlueCapKit.xcodeproj */;
			proxyType = 1;
			remoteGlobalIDString = 0551208119F5506000ED3B74;
			remoteInfo = BlueCapKit;
		};
		848BF8AD27FBB9FA0066DC3F /* PBXContainerItemProxy */ = {
			isa = PBXContainerItemProxy;
			containerPortal = 848BF8A927FBB9FA0066DC3F /* BlueCapKit.xcodeproj */;
			proxyType = 2;
			remoteGlobalIDString = 0551208219F5506000ED3B74;
			remoteInfo = BlueCapKit;
		};
/* End PBXContainerItemProxy section */

/* Begin PBXCopyFilesBuildPhase section */
		8419F33D27FBBD2F002A75D1 /* Embed Frameworks */ = {
			isa = PBXCopyFilesBuildPhase;
			buildActionMask = 2147483647;
			dstPath = "";
			dstSubfolderSpec = 10;
			files = (
				8419F33C27FBBD2F002A75D1 /* BlueCapKit.framework in Embed Frameworks */,
			);
			name = "Embed Frameworks";
			runOnlyForDeploymentPostprocessing = 0;
		};
/* End PBXCopyFilesBuildPhase section */

/* Begin PBXFileReference section */
		8419F33727FBBCF6002A75D1 /* CoreLocation.framework */ = {isa = PBXFileReference; lastKnownFileType = wrapper.framework; name = CoreLocation.framework; path = System/Library/Frameworks/CoreLocation.framework; sourceTree = SDKROOT; };
		8419F33927FBBCFF002A75D1 /* CoreBluetooth.framework */ = {isa = PBXFileReference; lastKnownFileType = wrapper.framework; name = CoreBluetooth.framework; path = System/Library/Frameworks/CoreBluetooth.framework; sourceTree = SDKROOT; };
		8419F33E27FBBE6B002A75D1 /* TemperatureUnitType.swift */ = {isa = PBXFileReference; lastKnownFileType = sourcecode.swift; path = TemperatureUnitType.swift; sourceTree = "<group>"; };
		846C874B2802658E001D080A /* WifiSettings.swift */ = {isa = PBXFileReference; lastKnownFileType = sourcecode.swift; path = WifiSettings.swift; sourceTree = "<group>"; };
		846C874D28026825001D080A /* Common.swift */ = {isa = PBXFileReference; lastKnownFileType = sourcecode.swift; path = Common.swift; sourceTree = "<group>"; };
		846C874F280299C3001D080A /* TimeSettingsView.swift */ = {isa = PBXFileReference; lastKnownFileType = sourcecode.swift; path = TimeSettingsView.swift; sourceTree = "<group>"; };
		846CFEB927FBE1EC00BE2380 /* Info.plist */ = {isa = PBXFileReference; lastKnownFileType = text.plist; path = Info.plist; sourceTree = "<group>"; };
		848BF8A727FBB7180066DC3F /* ClockService.swift */ = {isa = PBXFileReference; lastKnownFileType = sourcecode.swift; path = ClockService.swift; sourceTree = "<group>"; };
		848BF8A927FBB9FA0066DC3F /* BlueCapKit.xcodeproj */ = {isa = PBXFileReference; lastKnownFileType = "wrapper.pb-project"; name = BlueCapKit.xcodeproj; path = BlueCap/BlueCapKit.xcodeproj; sourceTree = "<group>"; };
		84A6E62127F5294600D24BDD /* piclock.app */ = {isa = PBXFileReference; explicitFileType = wrapper.application; includeInIndex = 0; path = piclock.app; sourceTree = BUILT_PRODUCTS_DIR; };
		84A6E62427F5294600D24BDD /* piclockApp.swift */ = {isa = PBXFileReference; lastKnownFileType = sourcecode.swift; path = piclockApp.swift; sourceTree = "<group>"; };
		84A6E62627F5294600D24BDD /* ContentView.swift */ = {isa = PBXFileReference; lastKnownFileType = sourcecode.swift; path = ContentView.swift; sourceTree = "<group>"; };
		84A6E62827F5294C00D24BDD /* Assets.xcassets */ = {isa = PBXFileReference; lastKnownFileType = folder.assetcatalog; path = Assets.xcassets; sourceTree = "<group>"; };
		84A6E62B27F5294C00D24BDD /* Preview Assets.xcassets */ = {isa = PBXFileReference; lastKnownFileType = folder.assetcatalog; path = "Preview Assets.xcassets"; sourceTree = "<group>"; };
/* End PBXFileReference section */

/* Begin PBXFrameworksBuildPhase section */
		84A6E61E27F5294600D24BDD /* Frameworks */ = {
			isa = PBXFrameworksBuildPhase;
			buildActionMask = 2147483647;
			files = (
				8419F33A27FBBCFF002A75D1 /* CoreBluetooth.framework in Frameworks */,
				8419F33B27FBBD2F002A75D1 /* BlueCapKit.framework in Frameworks */,
				8419F33827FBBCF6002A75D1 /* CoreLocation.framework in Frameworks */,
			);
			runOnlyForDeploymentPostprocessing = 0;
		};
/* End PBXFrameworksBuildPhase section */

/* Begin PBXGroup section */
		8419F33527FBBCEA002A75D1 /* Frameworks */ = {
			isa = PBXGroup;
			children = (
				8419F33927FBBCFF002A75D1 /* CoreBluetooth.framework */,
				8419F33727FBBCF6002A75D1 /* CoreLocation.framework */,
			);
			name = Frameworks;
			sourceTree = "<group>";
		};
		848BF8AA27FBB9FA0066DC3F /* Products */ = {
			isa = PBXGroup;
			children = (
				848BF8AE27FBB9FA0066DC3F /* BlueCapKit.framework */,
			);
			name = Products;
			sourceTree = "<group>";
		};
		84A6E61827F5294600D24BDD = {
			isa = PBXGroup;
			children = (
				848BF8A927FBB9FA0066DC3F /* BlueCapKit.xcodeproj */,
				84A6E62327F5294600D24BDD /* piclock */,
				84A6E62227F5294600D24BDD /* Products */,
				8419F33527FBBCEA002A75D1 /* Frameworks */,
			);
			sourceTree = "<group>";
		};
		84A6E62227F5294600D24BDD /* Products */ = {
			isa = PBXGroup;
			children = (
				84A6E62127F5294600D24BDD /* piclock.app */,
			);
			name = Products;
			sourceTree = "<group>";
		};
		84A6E62327F5294600D24BDD /* piclock */ = {
			isa = PBXGroup;
			children = (
				846CFEB927FBE1EC00BE2380 /* Info.plist */,
				84A6E62427F5294600D24BDD /* piclockApp.swift */,
				846C874D28026825001D080A /* Common.swift */,
				84A6E62627F5294600D24BDD /* ContentView.swift */,
				848BF8A727FBB7180066DC3F /* ClockService.swift */,
				8419F33E27FBBE6B002A75D1 /* TemperatureUnitType.swift */,
				846C874B2802658E001D080A /* WifiSettings.swift */,
				846C874F280299C3001D080A /* TimeSettingsView.swift */,
				84A6E62827F5294C00D24BDD /* Assets.xcassets */,
				84A6E62A27F5294C00D24BDD /* Preview Content */,
			);
			path = piclock;
			sourceTree = "<group>";
		};
		84A6E62A27F5294C00D24BDD /* Preview Content */ = {
			isa = PBXGroup;
			children = (
				84A6E62B27F5294C00D24BDD /* Preview Assets.xcassets */,
			);
			path = "Preview Content";
			sourceTree = "<group>";
		};
/* End PBXGroup section */

/* Begin PBXNativeTarget section */
		84A6E62027F5294600D24BDD /* piclock */ = {
			isa = PBXNativeTarget;
			buildConfigurationList = 84A6E62F27F5294C00D24BDD /* Build configuration list for PBXNativeTarget "piclock" */;
			buildPhases = (
				84A6E61D27F5294600D24BDD /* Sources */,
				84A6E61E27F5294600D24BDD /* Frameworks */,
				84A6E61F27F5294600D24BDD /* Resources */,
				8419F33D27FBBD2F002A75D1 /* Embed Frameworks */,
			);
			buildRules = (
			);
			dependencies = (
				8419F33327FBBCC7002A75D1 /* PBXTargetDependency */,
			);
			name = piclock;
			productName = piclock;
			productReference = 84A6E62127F5294600D24BDD /* piclock.app */;
			productType = "com.apple.product-type.application";
		};
/* End PBXNativeTarget section */

/* Begin PBXProject section */
		84A6E61927F5294600D24BDD /* Project object */ = {
			isa = PBXProject;
			attributes = {
				BuildIndependentTargetsInParallel = 1;
				LastSwiftUpdateCheck = 1330;
				LastUpgradeCheck = 1330;
				TargetAttributes = {
					84A6E62027F5294600D24BDD = {
						CreatedOnToolsVersion = 13.3;
					};
				};
			};
			buildConfigurationList = 84A6E61C27F5294600D24BDD /* Build configuration list for PBXProject "piclock" */;
			compatibilityVersion = "Xcode 13.0";
			developmentRegion = en;
			hasScannedForEncodings = 0;
			knownRegions = (
				en,
				Base,
			);
			mainGroup = 84A6E61827F5294600D24BDD;
			productRefGroup = 84A6E62227F5294600D24BDD /* Products */;
			projectDirPath = "";
			projectReferences = (
				{
					ProductGroup = 848BF8AA27FBB9FA0066DC3F /* Products */;
					ProjectRef = 848BF8A927FBB9FA0066DC3F /* BlueCapKit.xcodeproj */;
				},
			);
			projectRoot = "";
			targets = (
				84A6E62027F5294600D24BDD /* piclock */,
			);
		};
/* End PBXProject section */

/* Begin PBXReferenceProxy section */
		848BF8AE27FBB9FA0066DC3F /* BlueCapKit.framework */ = {
			isa = PBXReferenceProxy;
			fileType = wrapper.framework;
			path = BlueCapKit.framework;
			remoteRef = 848BF8AD27FBB9FA0066DC3F /* PBXContainerItemProxy */;
			sourceTree = BUILT_PRODUCTS_DIR;
		};
/* End PBXReferenceProxy section */

/* Begin PBXResourcesBuildPhase section */
		84A6E61F27F5294600D24BDD /* Resources */ = {
			isa = PBXResourcesBuildPhase;
			buildActionMask = 2147483647;
			files = (
				84A6E62C27F5294C00D24BDD /* Preview Assets.xcassets in Resources */,
				84A6E62927F5294C00D24BDD /* Assets.xcassets in Resources */,
			);
			runOnlyForDeploymentPostprocessing = 0;
		};
/* End PBXResourcesBuildPhase section */

/* Begin PBXSourcesBuildPhase section */
		84A6E61D27F5294600D24BDD /* Sources */ = {
			isa = PBXSourcesBuildPhase;
			buildActionMask = 2147483647;
			files = (
				846C874C2802658E001D080A /* WifiSettings.swift in Sources */,
				8419F33F27FBBE6B002A75D1 /* TemperatureUnitType.swift in Sources */,
				848BF8A827FBB7180066DC3F /* ClockService.swift in Sources */,
				84A6E62727F5294600D24BDD /* ContentView.swift in Sources */,
				846C874E28026825001D080A /* Common.swift in Sources */,
				84A6E62527F5294600D24BDD /* piclockApp.swift in Sources */,
				846C8750280299C3001D080A /* TimeSettingsView.swift in Sources */,
			);
			runOnlyForDeploymentPostprocessing = 0;
		};
/* End PBXSourcesBuildPhase section */

/* Begin PBXTargetDependency section */
		8419F33327FBBCC7002A75D1 /* PBXTargetDependency */ = {
			isa = PBXTargetDependency;
			name = BlueCapKit;
			targetProxy = 8419F33227FBBCC7002A75D1 /* PBXContainerItemProxy */;
		};
/* End PBXTargetDependency section */

/* Begin XCBuildConfiguration section */
		84A6E62D27F5294C00D24BDD /* Debug */ = {
			isa = XCBuildConfiguration;
			buildSettings = {
				ALWAYS_SEARCH_USER_PATHS = NO;
				CLANG_ANALYZER_NONNULL = YES;
				CLANG_ANALYZER_NUMBER_OBJECT_CONVERSION = YES_AGGRESSIVE;
				CLANG_CXX_LANGUAGE_STANDARD = "gnu++17";
				CLANG_ENABLE_MODULES = YES;
				CLANG_ENABLE_OBJC_ARC = YES;
				CLANG_ENABLE_OBJC_WEAK = YES;
				CLANG_WARN_BLOCK_CAPTURE_AUTORELEASING = YES;
				CLANG_WARN_BOOL_CONVERSION = YES;
				CLANG_WARN_COMMA = YES;
				CLANG_WARN_CONSTANT_CONVERSION = YES;
				CLANG_WARN_DEPRECATED_OBJC_IMPLEMENTATIONS = YES;
				CLANG_WARN_DIRECT_OBJC_ISA_USAGE = YES_ERROR;
				CLANG_WARN_DOCUMENTATION_COMMENTS = YES;
				CLANG_WARN_EMPTY_BODY = YES;
				CLANG_WARN_ENUM_CONVERSION = YES;
				CLANG_WARN_INFINITE_RECURSION = YES;
				CLANG_WARN_INT_CONVERSION = YES;
				CLANG_WARN_NON_LITERAL_NULL_CONVERSION = YES;
				CLANG_WARN_OBJC_IMPLICIT_RETAIN_SELF = YES;
				CLANG_WARN_OBJC_LITERAL_CONVERSION = YES;
				CLANG_WARN_OBJC_ROOT_CLASS = YES_ERROR;
				CLANG_WARN_QUOTED_INCLUDE_IN_FRAMEWORK_HEADER = YES;
				CLANG_WARN_RANGE_LOOP_ANALYSIS = YES;
				CLANG_WARN_STRICT_PROTOTYPES = YES;
				CLANG_WARN_SUSPICIOUS_MOVE = YES;
				CLANG_WARN_UNGUARDED_AVAILABILITY = YES_AGGRESSIVE;
				CLANG_WARN_UNREACHABLE_CODE = YES;
				CLANG_WARN__DUPLICATE_METHOD_MATCH = YES;
				COPY_PHASE_STRIP = NO;
				DEBUG_INFORMATION_FORMAT = dwarf;
				ENABLE_STRICT_OBJC_MSGSEND = YES;
				ENABLE_TESTABILITY = YES;
				GCC_C_LANGUAGE_STANDARD = gnu11;
				GCC_DYNAMIC_NO_PIC = NO;
				GCC_NO_COMMON_BLOCKS = YES;
				GCC_OPTIMIZATION_LEVEL = 0;
				GCC_PREPROCESSOR_DEFINITIONS = (
					"DEBUG=1",
					"$(inherited)",
				);
				GCC_WARN_64_TO_32_BIT_CONVERSION = YES;
				GCC_WARN_ABOUT_RETURN_TYPE = YES_ERROR;
				GCC_WARN_UNDECLARED_SELECTOR = YES;
				GCC_WARN_UNINITIALIZED_AUTOS = YES_AGGRESSIVE;
				GCC_WARN_UNUSED_FUNCTION = YES;
				GCC_WARN_UNUSED_VARIABLE = YES;
				IPHONEOS_DEPLOYMENT_TARGET = 15.0;
				MTL_ENABLE_DEBUG_INFO = INCLUDE_SOURCE;
				MTL_FAST_MATH = YES;
				ONLY_ACTIVE_ARCH = YES;
				SDKROOT = iphoneos;
				SWIFT_ACTIVE_COMPILATION_CONDITIONS = DEBUG;
				SWIFT_OPTIMIZATION_LEVEL = "-Onone";
			};
			name = Debug;
		};
		84A6E62E27F5294C00D24BDD /* Release */ = {
			isa = XCBuildConfiguration;
			buildSettings = {
				ALWAYS_SEARCH_USER_PATHS = NO;
				CLANG_ANALYZER_NONNULL = YES;
				CLANG_ANALYZER_NUMBER_OBJECT_CONVERSION = YES_AGGRESSIVE;
				CLANG_CXX_LANGUAGE_STANDARD = "gnu++17";
				CLANG_ENABLE_MODULES = YES;
				CLANG_ENABLE_OBJC_ARC = YES;
				CLANG_ENABLE_OBJC_WEAK = YES;
				CLANG_WARN_BLOCK_CAPTURE_AUTORELEASING = YES;
				CLANG_WARN_BOOL_CONVERSION = YES;
				CLANG_WARN_COMMA = YES;
				CLANG_WARN_CONSTANT_CONVERSION = YES;
				CLANG_WARN_DEPRECATED_OBJC_IMPLEMENTATIONS = YES;
				CLANG_WARN_DIRECT_OBJC_ISA_USAGE = YES_ERROR;
				CLANG_WARN_DOCUMENTATION_COMMENTS = YES;
				CLANG_WARN_EMPTY_BODY = YES;
				CLANG_WARN_ENUM_CONVERSION = YES;
				CLANG_WARN_INFINITE_RECURSION = YES;
				CLANG_WARN_INT_CONVERSION = YES;
				CLANG_WARN_NON_LITERAL_NULL_CONVERSION = YES;
				CLANG_WARN_OBJC_IMPLICIT_RETAIN_SELF = YES;
				CLANG_WARN_OBJC_LITERAL_CONVERSION = YES;
				CLANG_WARN_OBJC_ROOT_CLASS = YES_ERROR;
				CLANG_WARN_QUOTED_INCLUDE_IN_FRAMEWORK_HEADER = YES;
				CLANG_WARN_RANGE_LOOP_ANALYSIS = YES;
				CLANG_WARN_STRICT_PROTOTYPES = YES;
				CLANG_WARN_SUSPICIOUS_MOVE = YES;
				CLANG_WARN_UNGUARDED_AVAILABILITY = YES_AGGRESSIVE;
				CLANG_WARN_UNREACHABLE_CODE = YES;
				CLANG_WARN__DUPLICATE_METHOD_MATCH = YES;
				COPY_PHASE_STRIP = NO;
				DEBUG_INFORMATION_FORMAT = "dwarf-with-dsym";
				ENABLE_NS_ASSERTIONS = NO;
				ENABLE_STRICT_OBJC_MSGSEND = YES;
				GCC_C_LANGUAGE_STANDARD = gnu11;
				GCC_NO_COMMON_BLOCKS = YES;
				GCC_WARN_64_TO_32_BIT_CONVERSION = YES;
				GCC_WARN_ABOUT_RETURN_TYPE = YES_ERROR;
				GCC_WARN_UNDECLARED_SELECTOR = YES;
				GCC_WARN_UNINITIALIZED_AUTOS = YES_AGGRESSIVE;
				GCC_WARN_UNUSED_FUNCTION = YES;
				GCC_WARN_UNUSED_VARIABLE = YES;
				IPHONEOS_DEPLOYMENT_TARGET = 15.0;
				MTL_ENABLE_DEBUG_INFO = NO;
				MTL_FAST_MATH = YES;
				SDKROOT = iphoneos;
				SWIFT_COMPILATION_MODE = wholemodule;
				SWIFT_OPTIMIZATION_LEVEL = "-O";
				VALIDATE_PRODUCT = YES;
			};
			name = Release;
		};
		84A6E63027F5294C00D24BDD /* Debug */ = {
			isa = XCBuildConfiguration;
			buildSettings = {
				ASSETCATALOG_COMPILER_APPICON_NAME = AppIcon;
				ASSETCATALOG_COMPILER_GLOBAL_ACCENT_COLOR_NAME = AccentColor;
				CODE_SIGN_STYLE = Automatic;
				CURRENT_PROJECT_VERSION = 1;
				DEVELOPMENT_ASSET_PATHS = "\"piclock/Preview Content\"";
				DEVELOPMENT_TEAM = N78PB6ZZ5Q;
				ENABLE_PREVIEWS = YES;
				GENERATE_INFOPLIST_FILE = YES;
				INFOPLIST_FILE = piclock/Info.plist;
				INFOPLIST_KEY_UIApplicationSceneManifest_Generation = YES;
				INFOPLIST_KEY_UIApplicationSupportsIndirectInputEvents = YES;
				INFOPLIST_KEY_UILaunchScreen_Generation = YES;
				INFOPLIST_KEY_UISupportedInterfaceOrientations_iPad = "UIInterfaceOrientationPortrait UIInterfaceOrientationPortraitUpsideDown UIInterfaceOrientationLandscapeLeft UIInterfaceOrientationLandscapeRight";
				INFOPLIST_KEY_UISupportedInterfaceOrientations_iPhone = "UIInterfaceOrientationPortrait UIInterfaceOrientationLandscapeLeft UIInterfaceOrientationLandscapeRight";
				LD_RUNPATH_SEARCH_PATHS = (
					"$(inherited)",
					"@executable_path/Frameworks",
				);
				MARKETING_VERSION = 1.0;
				PRODUCT_BUNDLE_IDENTIFIER = com.ryan.wade.science.piclock;
				PRODUCT_NAME = "$(TARGET_NAME)";
				SWIFT_EMIT_LOC_STRINGS = YES;
				SWIFT_VERSION = 5.0;
				TARGETED_DEVICE_FAMILY = "1,2";
			};
			name = Debug;
		};
		84A6E63127F5294C00D24BDD /* Release */ = {
			isa = XCBuildConfiguration;
			buildSettings = {
				ASSETCATALOG_COMPILER_APPICON_NAME = AppIcon;
				ASSETCATALOG_COMPILER_GLOBAL_ACCENT_COLOR_NAME = AccentColor;
				CODE_SIGN_STYLE = Automatic;
				CURRENT_PROJECT_VERSION = 1;
				DEVELOPMENT_ASSET_PATHS = "\"piclock/Preview Content\"";
				DEVELOPMENT_TEAM = N78PB6ZZ5Q;
				ENABLE_PREVIEWS = YES;
				GENERATE_INFOPLIST_FILE = YES;
				INFOPLIST_FILE = piclock/Info.plist;
				INFOPLIST_KEY_UIApplicationSceneManifest_Generation = YES;
				INFOPLIST_KEY_UIApplicationSupportsIndirectInputEvents = YES;
				INFOPLIST_KEY_UILaunchScreen_Generation = YES;
				INFOPLIST_KEY_UISupportedInterfaceOrientations_iPad = "UIInterfaceOrientationPortrait UIInterfaceOrientationPortraitUpsideDown UIInterfaceOrientationLandscapeLeft UIInterfaceOrientationLandscapeRight";
				INFOPLIST_KEY_UISupportedInterfaceOrientations_iPhone = "UIInterfaceOrientationPortrait UIInterfaceOrientationLandscapeLeft UIInterfaceOrientationLandscapeRight";
				LD_RUNPATH_SEARCH_PATHS = (
					"$(inherited)",
					"@executable_path/Frameworks",
				);
				MARKETING_VERSION = 1.0;
				PRODUCT_BUNDLE_IDENTIFIER = com.ryan.wade.science.piclock;
				PRODUCT_NAME = "$(TARGET_NAME)";
				SWIFT_EMIT_LOC_STRINGS = YES;
				SWIFT_VERSION = 5.0;
				TARGETED_DEVICE_FAMILY = "1,2";
			};
			name = Release;
		};
/* End XCBuildConfiguration section */

/* Begin XCConfigurationList section */
		84A6E61C27F5294600D24BDD /* Build configuration list for PBXProject "piclock" */ = {
			isa = XCConfigurationList;
			buildConfigurations = (
				84A6E62D27F5294C00D24BDD /* Debug */,
				84A6E62E27F5294C00D24BDD /* Release */,
			);
			defaultConfigurationIsVisible = 0;
			defaultConfigurationName = Release;
		};
		84A6E62F27F5294C00D24BDD /* Build configuration list for PBXNativeTarget "piclock" */ = {
			isa = XCConfigurationList;
			buildConfigurations = (
				84A6E63027F5294C00D24BDD /* Debug */,
				84A6E63127F5294C00D24BDD /* Release */,
			);
			defaultConfigurationIsVisible = 0;
			defaultConfigurationName = Release;
		};
/* End XCConfigurationList section */
	};
	rootObject = 84A6E61927F5294600D24BDD /* Project object */;
}
